
Microsoft Visual Studio Solution File, Format Version 12.00
# Visual Studio Version 16
VisualStudioVersion = 16.0.32106.194
MinimumVisualStudioVersion = 10.0.40219.1
Project("{FAE04EC0-301F-11D3-BF4B-00C04F79EFBC}") = "WcfServiceCliente", "WcfServiceCliente\WcfServiceCliente.csproj", "{E90ED8B8-5582-4B1A-BD90-D3AAFBAC55CE}"
EndProject
Project("{FAE04EC0-301F-11D3-BF4B-00C04F79EFBC}") = "WebForms", "WebForms\WebForms.csproj", "{00061208-DE80-4A8C-91A1-1E023AFBC84C}"
	ProjectSection(ProjectDependencies) = postProject
		{E90ED8B8-5582-4B1A-BD90-D3AAFBAC55CE} = {E90ED8B8-5582-4B1A-BD90-D3AAFBAC55CE}
	EndProjectSection
EndProject
Global
	GlobalSection(SolutionConfigurationPlatforms) = preSolution
		Debug|Any CPU = Debug|Any CPU
		Release|Any CPU = Release|Any CPU
	EndGlobalSection
	GlobalSection(ProjectConfigurationPlatforms) = postSolution
		{E90ED8B8-5582-4B1A-BD90-D3AAFBAC55CE}.Debug|Any CPU.ActiveCfg = Debug|Any CPU
		{E90ED8B8-5582-4B1A-BD90-D3AAFBAC55CE}.Debug|Any CPU.Build.0 = Debug|Any CPU
		{E90ED8B8-5582-4B1A-BD90-D3AAFBAC55CE}.Release|Any CPU.ActiveCfg = Release|Any CPU
		{E90ED8B8-5582-4B1A-BD90-D3AAFBAC55CE}.Release|Any CPU.Build.0 = Release|Any CPU
		{00061208-DE80-4A8C-91A1-1E023AFBC84C}.Debug|Any CPU.ActiveCfg = Debug|Any CPU
		{00061208-DE80-4A8C-91A1-1E023AFBC84C}.Debug|Any CPU.Build.0 = Debug|Any CPU
		{00061208-DE80-4A8C-91A1-1E023AFBC84C}.Release|Any CPU.ActiveCfg = Release|Any CPU
		{00061208-DE80-4A8C-91A1-1E023AFBC84C}.Release|Any CPU.Build.0 = Release|Any CPU
	EndGlobalSection
	GlobalSection(SolutionProperties) = preSolution
		HideSolutionNode = FALSE
	EndGlobalSection
	GlobalSection(ExtensibilityGlobals) = postSolution
		SolutionGuid = {C69DE661-C515-4DA1-9931-8EFF470BF5FB}
	EndGlobalSection
EndGlobal
